
Microsoft Visual Studio Solution File, Format Version 12.00
# Visual Studio Version 16
VisualStudioVersion = 16.0.29920.165
MinimumVisualStudioVersion = 10.0.40219.1
Project("{9A19103F-16F7-4668-BE54-9A1E7A4F7556}") = "BDataGrid", "BDataGrid\BDataGrid.csproj", "{9ACAC3FA-53E8-4A40-8131-28FA2FDF0510}"
EndProject
Project("{9A19103F-16F7-4668-BE54-9A1E7A4F7556}") = "BDataGrid.Library", "BDataGrid.Library\BDataGrid.Library.csproj", "{816AC451-737C-4230-ACB6-B10357C544BB}"
EndProject
Project("{2150E333-8FDC-42A3-9474-1A3956D46DE8}") = "Solution Items", "Solution Items", "{67A67E33-7C57-4F45-8D8E-9514E9D8524C}"
	ProjectSection(SolutionItems) = preProject
		.github\workflows\dotnetcore.yml = .github\workflows\dotnetcore.yml
		.github\workflows\publish.yml = .github\workflows\publish.yml
	EndProjectSection
EndProject
Global
	GlobalSection(SolutionConfigurationPlatforms) = preSolution
		Debug|Any CPU = Debug|Any CPU
		Release|Any CPU = Release|Any CPU
	EndGlobalSection
	GlobalSection(ProjectConfigurationPlatforms) = postSolution
		{9ACAC3FA-53E8-4A40-8131-28FA2FDF0510}.Debug|Any CPU.ActiveCfg = Debug|Any CPU
		{9ACAC3FA-53E8-4A40-8131-28FA2FDF0510}.Debug|Any CPU.Build.0 = Debug|Any CPU
		{9ACAC3FA-53E8-4A40-8131-28FA2FDF0510}.Release|Any CPU.ActiveCfg = Release|Any CPU
		{9ACAC3FA-53E8-4A40-8131-28FA2FDF0510}.Release|Any CPU.Build.0 = Release|Any CPU
		{816AC451-737C-4230-ACB6-B10357C544BB}.Debug|Any CPU.ActiveCfg = Debug|Any CPU
		{816AC451-737C-4230-ACB6-B10357C544BB}.Debug|Any CPU.Build.0 = Debug|Any CPU
		{816AC451-737C-4230-ACB6-B10357C544BB}.Release|Any CPU.ActiveCfg = Release|Any CPU
		{816AC451-737C-4230-ACB6-B10357C544BB}.Release|Any CPU.Build.0 = Release|Any CPU
	EndGlobalSection
	GlobalSection(SolutionProperties) = preSolution
		HideSolutionNode = FALSE
	EndGlobalSection
	GlobalSection(ExtensibilityGlobals) = postSolution
		SolutionGuid = {83BF53E7-4265-4A65-A624-9937CD912552}
	EndGlobalSection
EndGlobal
